schema: '2.0'
stages:
  load:
    cmd: python src/01_load_data.py
    deps:
    - path: data/raw/housing.csv
      hash: md5
      md5: d4accdce7a25600298819f8e28e8d593
      size: 49082
    - path: src/01_load_data.py
      hash: md5
      md5: 90ec6ef101689649b496d0ddd70fe53a
      size: 586
    outs:
    - path: data/processed/_loaded.csv
      hash: md5
      md5: 816accbde67bef53bf4ba77861bc2900
      size: 37652
  clean:
    cmd: python src/02_clean_data.py
    deps:
    - path: data/processed/_loaded.csv
      hash: md5
      md5: 816accbde67bef53bf4ba77861bc2900
      size: 37652
    - path: src/02_clean_data.py
      hash: md5
      md5: 94d9e4ca51a82450cdb40ccf7ad19f69
      size: 4156
    outs:
    - path: data/processed/housing_clean.csv
      hash: md5
      md5: 7d2e703fdc87d3568c126b00c07e10e1
      size: 39606
  normalize:
    cmd: python src/03_normalize.py
    deps:
    - path: data/processed/housing_clean.csv
      hash: md5
      md5: 7d2e703fdc87d3568c126b00c07e10e1
      size: 39606
    - path: src/03_normalize.py
      hash: md5
      md5: 2563fffa929aeb1a2357401d9bc3a6e7
      size: 718
    outs:
    - path: data/processed/housing_scaled.csv
      hash: md5
      md5: 0ca216f88a8c6460a792e4b1a9f9e063
      size: 122953
  linear_model:
    cmd: python src/05_linear_model.py
    deps:
    - path: data/processed/housing_scaled.csv
      hash: md5
      md5: 0ca216f88a8c6460a792e4b1a9f9e063
      size: 122953
    - path: params.yaml
      hash: md5
      md5: 8dab19f718f5f4edfd406457efcd5327
      size: 931
    - path: src/05_linear_model.py
      hash: md5
      md5: a4f9dc2f3bbd7c4b6fa78d16dba582c3
      size: 3586
    params:
      params.yaml:
        modeling.random_state: 42
        modeling.test_size: 0.2
    outs:
    - path: models/linear_model.joblib
      hash: md5
      md5: 531b89628f52231ed73b2575edbe7d6c
      size: 1089
  random_forest:
    cmd: python src/06_random_forest.py
    deps:
    - path: data/processed/housing_scaled.csv
      hash: md5
      md5: 0ca216f88a8c6460a792e4b1a9f9e063
      size: 122953
    - path: src/06_random_forest.py
      hash: md5
      md5: 2ea2cf93d90ba2f124fe460ea4d210ae
      size: 1167
    outs:
    - path: models/random_forest.pkl
      hash: md5
      md5: d367b1fed1eff3f54982ec13a1c69be5
      size: 3501793
  knn:
    cmd: python src/07_knn.py
    deps:
    - path: data/processed/housing_scaled.csv
      hash: md5
      md5: 0ca216f88a8c6460a792e4b1a9f9e063
      size: 122953
    - path: src/07_knn.py
      hash: md5
      md5: f894732af9f55a4a010a614ab4f27bae
      size: 1467
    outs:
    - path: models/knn.pkl
      hash: md5
      md5: 4a6e346852089fb4c6931e8ab8833873
      size: 95750
