schema: '2.0'
stages:
  load:
    cmd: py -3.12 src/01_load_data.py
    deps:
    - path: data/raw/housing.csv
      hash: md5
      md5: 29aa6c5003152d07f31b3f2e7bf7af24
      size: 35735
    - path: params.yaml
      hash: md5
      md5: c635d8bcc5fe4b585a97c04530ef628b
      size: 1457
    - path: src/01_load_data.py
      hash: md5
      md5: cc127b2a47277b151b09edd11eb382bb
      size: 953
    params:
      params.yaml:
        data.columns:
        - CRIM
        - ZN
        - INDUS
        - CHAS
        - NOX
        - RM
        - AGE
        - DIS
        - RAD
        - TAX
        - PTRATIO
        - B
        - LSTAT
        - MEDV
        data.raw_path: data/raw/housing.csv
    outs:
    - path: data/processed/_loaded.csv
      hash: md5
      md5: bb8d217585daf9ba0171bae70e6e1b41
      size: 36640
  clean:
    cmd: py -3.12 src/02_clean_data.py
    deps:
    - path: data/processed/_loaded.csv
      hash: md5
      md5: bb8d217585daf9ba0171bae70e6e1b41
      size: 36640
    - path: params.yaml
      hash: md5
      md5: c635d8bcc5fe4b585a97c04530ef628b
      size: 1457
    - path: src/02_clean_data.py
      hash: md5
      md5: c10b271b109e61b2eaa4b396c54548f6
      size: 2162
    params:
      params.yaml:
        cleaning.cap_outliers: true
        cleaning.iqr_factor: 1.5
        data.processed_path: data/processed/housing_clean.csv
        normalization.exclude_columns:
        - CHAS
        - MEDV
    outs:
    - path: data/processed/housing_clean.csv
      hash: md5
      md5: e21fe36073dd3bff8795d5ef3c81bd88
      size: 38594
  normalize:
    cmd: py -3.12 src/03_normalize.py
    deps:
    - path: data/processed/housing_clean.csv
      hash: md5
      md5: e21fe36073dd3bff8795d5ef3c81bd88
      size: 38594
    - path: params.yaml
      hash: md5
      md5: c635d8bcc5fe4b585a97c04530ef628b
      size: 1457
    - path: src/03_normalize.py
      hash: md5
      md5: e7e54772e2e375d2fdaf55cccc91bf8e
      size: 1294
    params:
      params.yaml:
        data.model_ready.kmeans_scaled_path: 
          data/model_ready/kmeans/housing_kmeans_scaled.csv
        data.model_ready.linear_scaled_path: 
          data/model_ready/linear_model/housing_linear_scaled.csv
        data.processed_path: data/processed/housing_clean.csv
        data.scaled_path: data/processed/housing_scaled.csv
        normalization.exclude_columns:
        - CHAS
        - MEDV
        normalization.method: standard
    outs:
    - path: data/model_ready/kmeans/housing_kmeans_scaled.csv
      hash: md5
      md5: 0ca216f88a8c6460a792e4b1a9f9e063
      size: 122953
    - path: data/model_ready/linear_model/housing_linear_scaled.csv
      hash: md5
      md5: 0ca216f88a8c6460a792e4b1a9f9e063
      size: 122953
    - path: data/processed/housing_scaled.csv
      hash: md5
      md5: 0ca216f88a8c6460a792e4b1a9f9e063
      size: 122953
  linear_model:
    cmd: py -3.12 src/05_linear_model.py
    deps:
    - path: data/model_ready/linear_model/housing_linear_scaled.csv
      hash: md5
      md5: 0ca216f88a8c6460a792e4b1a9f9e063
      size: 122953
    - path: params.yaml
      hash: md5
      md5: c635d8bcc5fe4b585a97c04530ef628b
      size: 1457
    - path: src/05_linear_model.py
      hash: md5
      md5: 5a81de43c997944aa985b397c4612009
      size: 2006
    params:
      params.yaml:
        data.model_ready.linear_scaled_path: 
          data/model_ready/linear_model/housing_linear_scaled.csv
        modeling.random_state: 42
        modeling.test_size: 0.2
    outs:
    - path: models/linear_model.joblib
      hash: md5
      md5: 83c669c7e0212fcedbfc34bab136d0ef
      size: 1089
  kmeans:
    cmd: py -3.12 src/04__KMeans.py
    deps:
    - path: data/model_ready/kmeans/housing_kmeans_scaled.csv
      hash: md5
      md5: 0ca216f88a8c6460a792e4b1a9f9e063
      size: 122953
    - path: data/processed/housing_clean.csv
      hash: md5
      md5: e21fe36073dd3bff8795d5ef3c81bd88
      size: 38594
    - path: params.yaml
      hash: md5
      md5: c635d8bcc5fe4b585a97c04530ef628b
      size: 1457
    - path: src/04__KMeans.py
      hash: md5
      md5: 5bd0400a9be2e91c844de82897ab9b22
      size: 4480
    params:
      params.yaml:
        data.kmeans_metrics_path: metrics/kmeans_metrics.json
        data.kmeans_model_path: models/kmeans_model.joblib
        data.kmeans_path: data/processed/housing_kmeans.csv
        data.kmeans_profile_path: data/processed/kmeans_cluster_profile.csv
        data.model_ready.kmeans_scaled_path: 
          data/model_ready/kmeans/housing_kmeans_scaled.csv
        modeling.kmeans.feature_exclude_columns:
        - MEDV
        modeling.kmeans.init: k-means++
        modeling.kmeans.n_clusters: 3
        modeling.kmeans.n_init: 10
        modeling.kmeans.random_state: 42
        modeling.kmeans.random_states_to_compare:
        - 0
        - 21
        - 42
        - 77
        - 123
    outs:
    - path: data/processed/housing_kmeans.csv
      hash: md5
      md5: 9e6b6db2a72e765bb255370237b2f7e2
      size: 39607
    - path: data/processed/kmeans_cluster_profile.csv
      hash: md5
      md5: b98707dea952e67d8100b6f8e6bc4cef
      size: 407
    - path: metrics/kmeans_metrics.json
      hash: md5
      md5: 827dbe74e0f3a2d3f77a12eff10d57d9
      size: 1515
    - path: models/kmeans_model.joblib
      hash: md5
      md5: 8f4149c4c26585fa6691c6c8798e9599
      size: 3407
